
Microsoft Visual Studio Solution File, Format Version 12.00
# Visual Studio Version 17
VisualStudioVersion = 17.3.32922.545
MinimumVisualStudioVersion = 10.0.40219.1
Project("{FAE04EC0-301F-11D3-BF4B-00C04F79EFBC}") = "ClassMember2", "ClassMember2\ClassMember2.csproj", "{2B9E7511-C3DC-44B1-9786-00E9B6054969}"
EndProject
Global
	GlobalSection(SolutionConfigurationPlatforms) = preSolution
		Debug|Any CPU = Debug|Any CPU
		Release|Any CPU = Release|Any CPU
	EndGlobalSection
	GlobalSection(ProjectConfigurationPlatforms) = postSolution
		{2B9E7511-C3DC-44B1-9786-00E9B6054969}.Debug|Any CPU.ActiveCfg = Debug|Any CPU
		{2B9E7511-C3DC-44B1-9786-00E9B6054969}.Debug|Any CPU.Build.0 = Debug|Any CPU
		{2B9E7511-C3DC-44B1-9786-00E9B6054969}.Release|Any CPU.ActiveCfg = Release|Any CPU
		{2B9E7511-C3DC-44B1-9786-00E9B6054969}.Release|Any CPU.Build.0 = Release|Any CPU
	EndGlobalSection
	GlobalSection(SolutionProperties) = preSolution
		HideSolutionNode = FALSE
	EndGlobalSection
	GlobalSection(ExtensibilityGlobals) = postSolution
		SolutionGuid = {512EC3EA-E7D3-46A6-88B4-B37DA775FC0A}
	EndGlobalSection
EndGlobal
