
Microsoft Visual Studio Solution File, Format Version 12.00
# Visual Studio Version 17
VisualStudioVersion = 17.3.32922.545
MinimumVisualStudioVersion = 10.0.40219.1
Project("{FAE04EC0-301F-11D3-BF4B-00C04F79EFBC}") = "hiraki inheritance", "hiraki inheritance\hiraki inheritance.csproj", "{98513D7A-CDFE-4065-93C7-9775A3F4B937}"
EndProject
Global
	GlobalSection(SolutionConfigurationPlatforms) = preSolution
		Debug|Any CPU = Debug|Any CPU
		Release|Any CPU = Release|Any CPU
	EndGlobalSection
	GlobalSection(ProjectConfigurationPlatforms) = postSolution
		{98513D7A-CDFE-4065-93C7-9775A3F4B937}.Debug|Any CPU.ActiveCfg = Debug|Any CPU
		{98513D7A-CDFE-4065-93C7-9775A3F4B937}.Debug|Any CPU.Build.0 = Debug|Any CPU
		{98513D7A-CDFE-4065-93C7-9775A3F4B937}.Release|Any CPU.ActiveCfg = Release|Any CPU
		{98513D7A-CDFE-4065-93C7-9775A3F4B937}.Release|Any CPU.Build.0 = Release|Any CPU
	EndGlobalSection
	GlobalSection(SolutionProperties) = preSolution
		HideSolutionNode = FALSE
	EndGlobalSection
	GlobalSection(ExtensibilityGlobals) = postSolution
		SolutionGuid = {7234E077-8B44-4E99-B251-F0A2CE24B310}
	EndGlobalSection
EndGlobal
