
Microsoft Visual Studio Solution File, Format Version 12.00
# Visual Studio Version 17
VisualStudioVersion = 17.3.32922.545
MinimumVisualStudioVersion = 10.0.40219.1
Project("{9A19103F-16F7-4668-BE54-9A1E7A4F7556}") = "Overloading", "LatihanOverloading1\Overloading.csproj", "{5E99E92E-02AF-4EFB-85E9-0FD59D9686B5}"
EndProject
Global
	GlobalSection(SolutionConfigurationPlatforms) = preSolution
		Debug|Any CPU = Debug|Any CPU
		Release|Any CPU = Release|Any CPU
	EndGlobalSection
	GlobalSection(ProjectConfigurationPlatforms) = postSolution
		{5E99E92E-02AF-4EFB-85E9-0FD59D9686B5}.Debug|Any CPU.ActiveCfg = Debug|Any CPU
		{5E99E92E-02AF-4EFB-85E9-0FD59D9686B5}.Debug|Any CPU.Build.0 = Debug|Any CPU
		{5E99E92E-02AF-4EFB-85E9-0FD59D9686B5}.Release|Any CPU.ActiveCfg = Release|Any CPU
		{5E99E92E-02AF-4EFB-85E9-0FD59D9686B5}.Release|Any CPU.Build.0 = Release|Any CPU
	EndGlobalSection
	GlobalSection(SolutionProperties) = preSolution
		HideSolutionNode = FALSE
	EndGlobalSection
	GlobalSection(ExtensibilityGlobals) = postSolution
		SolutionGuid = {4BE8F883-4291-479D-A946-BC853F7664B2}
	EndGlobalSection
EndGlobal
