
Microsoft Visual Studio Solution File, Format Version 12.00
# Visual Studio Version 17
VisualStudioVersion = 17.3.32922.545
MinimumVisualStudioVersion = 10.0.40219.1
Project("{FAE04EC0-301F-11D3-BF4B-00C04F79EFBC}") = "Kalkulator", "Kalkulator\Kalkulator.csproj", "{38267EC2-E183-4C12-A6DF-1B548ACFCCDA}"
EndProject
Global
	GlobalSection(SolutionConfigurationPlatforms) = preSolution
		Debug|Any CPU = Debug|Any CPU
		Release|Any CPU = Release|Any CPU
	EndGlobalSection
	GlobalSection(ProjectConfigurationPlatforms) = postSolution
		{38267EC2-E183-4C12-A6DF-1B548ACFCCDA}.Debug|Any CPU.ActiveCfg = Debug|Any CPU
		{38267EC2-E183-4C12-A6DF-1B548ACFCCDA}.Debug|Any CPU.Build.0 = Debug|Any CPU
		{38267EC2-E183-4C12-A6DF-1B548ACFCCDA}.Release|Any CPU.ActiveCfg = Release|Any CPU
		{38267EC2-E183-4C12-A6DF-1B548ACFCCDA}.Release|Any CPU.Build.0 = Release|Any CPU
	EndGlobalSection
	GlobalSection(SolutionProperties) = preSolution
		HideSolutionNode = FALSE
	EndGlobalSection
	GlobalSection(ExtensibilityGlobals) = postSolution
		SolutionGuid = {1DCFC173-F760-4CF1-807A-4DD39E4ED6D0}
	EndGlobalSection
EndGlobal
