
Microsoft Visual Studio Solution File, Format Version 12.00
# Visual Studio Version 17
VisualStudioVersion = 17.3.32922.545
MinimumVisualStudioVersion = 10.0.40219.1
Project("{FAE04EC0-301F-11D3-BF4B-00C04F79EFBC}") = "Hewan", "Hewan\Hewan.csproj", "{8FEE4BBA-3B9F-4705-87EA-DD4951D499B3}"
EndProject
Global
	GlobalSection(SolutionConfigurationPlatforms) = preSolution
		Debug|Any CPU = Debug|Any CPU
		Release|Any CPU = Release|Any CPU
	EndGlobalSection
	GlobalSection(ProjectConfigurationPlatforms) = postSolution
		{8FEE4BBA-3B9F-4705-87EA-DD4951D499B3}.Debug|Any CPU.ActiveCfg = Debug|Any CPU
		{8FEE4BBA-3B9F-4705-87EA-DD4951D499B3}.Debug|Any CPU.Build.0 = Debug|Any CPU
		{8FEE4BBA-3B9F-4705-87EA-DD4951D499B3}.Release|Any CPU.ActiveCfg = Release|Any CPU
		{8FEE4BBA-3B9F-4705-87EA-DD4951D499B3}.Release|Any CPU.Build.0 = Release|Any CPU
	EndGlobalSection
	GlobalSection(SolutionProperties) = preSolution
		HideSolutionNode = FALSE
	EndGlobalSection
	GlobalSection(ExtensibilityGlobals) = postSolution
		SolutionGuid = {E025FA4D-DB93-4D07-B864-D4450E07DA98}
	EndGlobalSection
EndGlobal
