
Microsoft Visual Studio Solution File, Format Version 12.00
# Visual Studio Version 17
VisualStudioVersion = 17.3.32922.545
MinimumVisualStudioVersion = 10.0.40219.1
Project("{FAE04EC0-301F-11D3-BF4B-00C04F79EFBC}") = "Polymorphism", "Polymorphism\Polymorphism.csproj", "{08BCEFD5-B42C-4FD7-802B-05F5573ADEB8}"
EndProject
Global
	GlobalSection(SolutionConfigurationPlatforms) = preSolution
		Debug|Any CPU = Debug|Any CPU
		Release|Any CPU = Release|Any CPU
	EndGlobalSection
	GlobalSection(ProjectConfigurationPlatforms) = postSolution
		{08BCEFD5-B42C-4FD7-802B-05F5573ADEB8}.Debug|Any CPU.ActiveCfg = Debug|Any CPU
		{08BCEFD5-B42C-4FD7-802B-05F5573ADEB8}.Debug|Any CPU.Build.0 = Debug|Any CPU
		{08BCEFD5-B42C-4FD7-802B-05F5573ADEB8}.Release|Any CPU.ActiveCfg = Release|Any CPU
		{08BCEFD5-B42C-4FD7-802B-05F5573ADEB8}.Release|Any CPU.Build.0 = Release|Any CPU
	EndGlobalSection
	GlobalSection(SolutionProperties) = preSolution
		HideSolutionNode = FALSE
	EndGlobalSection
	GlobalSection(ExtensibilityGlobals) = postSolution
		SolutionGuid = {A633CF70-E909-412E-A081-00A9630DCD91}
	EndGlobalSection
EndGlobal
