
Microsoft Visual Studio Solution File, Format Version 12.00
# Visual Studio Version 17
VisualStudioVersion = 17.3.32922.545
MinimumVisualStudioVersion = 10.0.40219.1
Project("{FAE04EC0-301F-11D3-BF4B-00C04F79EFBC}") = "ConsoleApp1", "ConsoleApp1\ConsoleApp1.csproj", "{1F4ABCE8-2108-4564-896A-B34E310269DD}"
EndProject
Global
	GlobalSection(SolutionConfigurationPlatforms) = preSolution
		Debug|Any CPU = Debug|Any CPU
		Release|Any CPU = Release|Any CPU
	EndGlobalSection
	GlobalSection(ProjectConfigurationPlatforms) = postSolution
		{1F4ABCE8-2108-4564-896A-B34E310269DD}.Debug|Any CPU.ActiveCfg = Debug|Any CPU
		{1F4ABCE8-2108-4564-896A-B34E310269DD}.Debug|Any CPU.Build.0 = Debug|Any CPU
		{1F4ABCE8-2108-4564-896A-B34E310269DD}.Release|Any CPU.ActiveCfg = Release|Any CPU
		{1F4ABCE8-2108-4564-896A-B34E310269DD}.Release|Any CPU.Build.0 = Release|Any CPU
	EndGlobalSection
	GlobalSection(SolutionProperties) = preSolution
		HideSolutionNode = FALSE
	EndGlobalSection
	GlobalSection(ExtensibilityGlobals) = postSolution
		SolutionGuid = {DD2AF3ED-1837-453C-A947-D276AEBF6033}
	EndGlobalSection
EndGlobal
